// !$*UTF8*$!
{
	archiveVersion = 1;
	classes = {
	};
	objectVersion = 51;
	objects = {

/* Begin PBXBuildFile section */
		258546A7EA3DD47D5AB43852 /* libPods-ALL the Beers.a in Frameworks */ = {isa = PBXBuildFile; fileRef = 910CBF8FBDF3A64D82255118 /* libPods-ALL the Beers.a */; };
		9645908225CEF2B30024BDAB /* BadgeViewController.swift in Sources */ = {isa = PBXBuildFile; fileRef = 9645908125CEF2B30024BDAB /* BadgeViewController.swift */; };
		9645908625CEF9610024BDAB /* 10beers.png in Resources */ = {isa = PBXBuildFile; fileRef = 9645908525CEF9610024BDAB /* 10beers.png */; };
		9645908A25CF0A3C0024BDAB /* 25beers.png in Resources */ = {isa = PBXBuildFile; fileRef = 9645908925CF0A3C0024BDAB /* 25beers.png */; };
		9645908D25CF0B860024BDAB /* 50beers.jpg in Resources */ = {isa = PBXBuildFile; fileRef = 9645908C25CF0B860024BDAB /* 50beers.jpg */; };
		9645909025CF0D000024BDAB /* 72beers.jpg in Resources */ = {isa = PBXBuildFile; fileRef = 9645908F25CF0D000024BDAB /* 72beers.jpg */; };
		9645909325CF0E280024BDAB /* perfect5.jpeg in Resources */ = {isa = PBXBuildFile; fileRef = 9645909225CF0E280024BDAB /* perfect5.jpeg */; };
		9645909625CF148E0024BDAB /* nasty.jpeg in Resources */ = {isa = PBXBuildFile; fileRef = 9645909525CF148E0024BDAB /* nasty.jpeg */; };
		9645909925CF52F90024BDAB /* hazy.jpg in Resources */ = {isa = PBXBuildFile; fileRef = 9645909825CF52F90024BDAB /* hazy.jpg */; };
		9645909F25CF58AF0024BDAB /* strong.jpg in Resources */ = {isa = PBXBuildFile; fileRef = 9645909E25CF58AF0024BDAB /* strong.jpg */; };
		964590A225CF5C220024BDAB /* flight1.jpeg in Resources */ = {isa = PBXBuildFile; fileRef = 964590A125CF5C220024BDAB /* flight1.jpeg */; };
		964590A625CF5D100024BDAB /* IPA.jpg in Resources */ = {isa = PBXBuildFile; fileRef = 964590A525CF5D100024BDAB /* IPA.jpg */; };
		964590A925CF5D4F0024BDAB /* flight2.jpeg in Resources */ = {isa = PBXBuildFile; fileRef = 964590A825CF5D4F0024BDAB /* flight2.jpeg */; };
		964590AC25CF5E300024BDAB /* flight3.jpg in Resources */ = {isa = PBXBuildFile; fileRef = 964590AB25CF5E300024BDAB /* flight3.jpg */; };
		964590AF25CF60110024BDAB /* flight4.jpeg in Resources */ = {isa = PBXBuildFile; fileRef = 964590AE25CF60110024BDAB /* flight4.jpeg */; };
		964590B625CF66A00024BDAB /* light.jpg in Resources */ = {isa = PBXBuildFile; fileRef = 964590B525CF66A00024BDAB /* light.jpg */; };
		964590B925CF68970024BDAB /* belgian.jpg in Resources */ = {isa = PBXBuildFile; fileRef = 964590B825CF68970024BDAB /* belgian.jpg */; };
		964590BC25CF6B450024BDAB /* twopointfive.jpg in Resources */ = {isa = PBXBuildFile; fileRef = 964590BB25CF6B450024BDAB /* twopointfive.jpg */; };
		964590BF25CF6CB00024BDAB /* fivereviews.jpg in Resources */ = {isa = PBXBuildFile; fileRef = 964590BE25CF6CB00024BDAB /* fivereviews.jpg */; };
		964590C225CFB9AD0024BDAB /* checkmark.jpg in Resources */ = {isa = PBXBuildFile; fileRef = 964590C125CFB9AD0024BDAB /* checkmark.jpg */; };
		9657F21425BA3F6900AD199A /* AppDelegate.swift in Sources */ = {isa = PBXBuildFile; fileRef = 9657F21325BA3F6900AD199A /* AppDelegate.swift */; };
		9657F21625BA3F6900AD199A /* SceneDelegate.swift in Sources */ = {isa = PBXBuildFile; fileRef = 9657F21525BA3F6900AD199A /* SceneDelegate.swift */; };
		9657F21825BA3F6900AD199A /* ViewController.swift in Sources */ = {isa = PBXBuildFile; fileRef = 9657F21725BA3F6900AD199A /* ViewController.swift */; };
		9657F21B25BA3F6900AD199A /* Main.storyboard in Resources */ = {isa = PBXBuildFile; fileRef = 9657F21925BA3F6900AD199A /* Main.storyboard */; };
		9657F21D25BA3F7400AD199A /* Assets.xcassets in Resources */ = {isa = PBXBuildFile; fileRef = 9657F21C25BA3F7400AD199A /* Assets.xcassets */; };
		9657F22025BA3F7400AD199A /* LaunchScreen.storyboard in Resources */ = {isa = PBXBuildFile; fileRef = 9657F21E25BA3F7400AD199A /* LaunchScreen.storyboard */; };
		9657F22925BA414800AD199A /* Beer.swift in Sources */ = {isa = PBXBuildFile; fileRef = 9657F22825BA414800AD199A /* Beer.swift */; };
		9657F22F25BA4DCF00AD199A /* DetailViewController.swift in Sources */ = {isa = PBXBuildFile; fileRef = 9657F22E25BA4DCF00AD199A /* DetailViewController.swift */; };
		9678302625CB5144002B8308 /* allTheBeer.csv in Resources */ = {isa = PBXBuildFile; fileRef = 9678302525CB5144002B8308 /* allTheBeer.csv */; };
		968A3C5C25CB6C9500016474 /* Rating.swift in Sources */ = {isa = PBXBuildFile; fileRef = 968A3C5B25CB6C9500016474 /* Rating.swift */; };
/* End PBXBuildFile section */

/* Begin PBXFileReference section */
		091899BF1E318D2E75E536D2 /* Pods-ALL the Beers.release.xcconfig */ = {isa = PBXFileReference; includeInIndex = 1; lastKnownFileType = text.xcconfig; name = "Pods-ALL the Beers.release.xcconfig"; path = "Target Support Files/Pods-ALL the Beers/Pods-ALL the Beers.release.xcconfig"; sourceTree = "<group>"; };
		8211B88C05AAF210D2F16216 /* Pods-ALL the Beers.debug.xcconfig */ = {isa = PBXFileReference; includeInIndex = 1; lastKnownFileType = text.xcconfig; name = "Pods-ALL the Beers.debug.xcconfig"; path = "Target Support Files/Pods-ALL the Beers/Pods-ALL the Beers.debug.xcconfig"; sourceTree = "<group>"; };
		910CBF8FBDF3A64D82255118 /* libPods-ALL the Beers.a */ = {isa = PBXFileReference; explicitFileType = archive.ar; includeInIndex = 0; path = "libPods-ALL the Beers.a"; sourceTree = BUILT_PRODUCTS_DIR; };
		9645908125CEF2B30024BDAB /* BadgeViewController.swift */ = {isa = PBXFileReference; lastKnownFileType = sourcecode.swift; path = BadgeViewController.swift; sourceTree = "<group>"; };
		9645908525CEF9610024BDAB /* 10beers.png */ = {isa = PBXFileReference; lastKnownFileType = image.png; name = 10beers.png; path = BadgeImages/10beers.png; sourceTree = SOURCE_ROOT; };
		9645908925CF0A3C0024BDAB /* 25beers.png */ = {isa = PBXFileReference; lastKnownFileType = image.png; name = 25beers.png; path = BadgeImages/25beers.png; sourceTree = SOURCE_ROOT; };
		9645908C25CF0B860024BDAB /* 50beers.jpg */ = {isa = PBXFileReference; lastKnownFileType = image.jpeg; name = 50beers.jpg; path = BadgeImages/50beers.jpg; sourceTree = SOURCE_ROOT; };
		9645908F25CF0D000024BDAB /* 72beers.jpg */ = {isa = PBXFileReference; lastKnownFileType = image.jpeg; name = 72beers.jpg; path = BadgeImages/72beers.jpg; sourceTree = SOURCE_ROOT; };
		9645909225CF0E280024BDAB /* perfect5.jpeg */ = {isa = PBXFileReference; lastKnownFileType = image.jpeg; name = perfect5.jpeg; path = BadgeImages/perfect5.jpeg; sourceTree = SOURCE_ROOT; };
		9645909525CF148E0024BDAB /* nasty.jpeg */ = {isa = PBXFileReference; lastKnownFileType = image.jpeg; name = nasty.jpeg; path = BadgeImages/nasty.jpeg; sourceTree = SOURCE_ROOT; };
		9645909825CF52F90024BDAB /* hazy.jpg */ = {isa = PBXFileReference; lastKnownFileType = image.jpeg; name = hazy.jpg; path = BadgeImages/hazy.jpg; sourceTree = SOURCE_ROOT; };
		9645909E25CF58AF0024BDAB /* strong.jpg */ = {isa = PBXFileReference; lastKnownFileType = image.jpeg; name = strong.jpg; path = BadgeImages/strong.jpg; sourceTree = SOURCE_ROOT; };
		964590A125CF5C220024BDAB /* flight1.jpeg */ = {isa = PBXFileReference; lastKnownFileType = image.jpeg; name = flight1.jpeg; path = BadgeImages/flight1.jpeg; sourceTree = SOURCE_ROOT; };
		964590A525CF5D100024BDAB /* IPA.jpg */ = {isa = PBXFileReference; lastKnownFileType = image.jpeg; name = IPA.jpg; path = BadgeImages/IPA.jpg; sourceTree = SOURCE_ROOT; };
		964590A825CF5D4F0024BDAB /* flight2.jpeg */ = {isa = PBXFileReference; lastKnownFileType = image.jpeg; name = flight2.jpeg; path = BadgeImages/flight2.jpeg; sourceTree = SOURCE_ROOT; };
		964590AB25CF5E300024BDAB /* flight3.jpg */ = {isa = PBXFileReference; lastKnownFileType = image.jpeg; name = flight3.jpg; path = BadgeImages/flight3.jpg; sourceTree = SOURCE_ROOT; };
		964590AE25CF60110024BDAB /* flight4.jpeg */ = {isa = PBXFileReference; lastKnownFileType = image.jpeg; name = flight4.jpeg; path = BadgeImages/flight4.jpeg; sourceTree = SOURCE_ROOT; };
		964590B525CF66A00024BDAB /* light.jpg */ = {isa = PBXFileReference; lastKnownFileType = image.jpeg; name = light.jpg; path = BadgeImages/light.jpg; sourceTree = SOURCE_ROOT; };
		964590B825CF68970024BDAB /* belgian.jpg */ = {isa = PBXFileReference; lastKnownFileType = image.jpeg; name = belgian.jpg; path = BadgeImages/belgian.jpg; sourceTree = SOURCE_ROOT; };
		964590BB25CF6B450024BDAB /* twopointfive.jpg */ = {isa = PBXFileReference; lastKnownFileType = image.jpeg; name = twopointfive.jpg; path = BadgeImages/twopointfive.jpg; sourceTree = SOURCE_ROOT; };
		964590BE25CF6CB00024BDAB /* fivereviews.jpg */ = {isa = PBXFileReference; lastKnownFileType = image.jpeg; name = fivereviews.jpg; path = BadgeImages/fivereviews.jpg; sourceTree = SOURCE_ROOT; };
		964590C125CFB9AD0024BDAB /* checkmark.jpg */ = {isa = PBXFileReference; lastKnownFileType = image.jpeg; name = checkmark.jpg; path = BadgeImages/checkmark.jpg; sourceTree = SOURCE_ROOT; };
		9657F21025BA3F6900AD199A /* ALL the Beers.app */ = {isa = PBXFileReference; explicitFileType = wrapper.application; includeInIndex = 0; path = "ALL the Beers.app"; sourceTree = BUILT_PRODUCTS_DIR; };
		9657F21325BA3F6900AD199A /* AppDelegate.swift */ = {isa = PBXFileReference; lastKnownFileType = sourcecode.swift; path = AppDelegate.swift; sourceTree = "<group>"; };
		9657F21525BA3F6900AD199A /* SceneDelegate.swift */ = {isa = PBXFileReference; lastKnownFileType = sourcecode.swift; path = SceneDelegate.swift; sourceTree = "<group>"; };
		9657F21725BA3F6900AD199A /* ViewController.swift */ = {isa = PBXFileReference; lastKnownFileType = sourcecode.swift; path = ViewController.swift; sourceTree = "<group>"; };
		9657F21A25BA3F6900AD199A /* Base */ = {isa = PBXFileReference; lastKnownFileType = file.storyboard; name = Base; path = Base.lproj/Main.storyboard; sourceTree = "<group>"; };
		9657F21C25BA3F7400AD199A /* Assets.xcassets */ = {isa = PBXFileReference; lastKnownFileType = folder.assetcatalog; path = Assets.xcassets; sourceTree = "<group>"; };
		9657F21F25BA3F7400AD199A /* Base */ = {isa = PBXFileReference; lastKnownFileType = file.storyboard; name = Base; path = Base.lproj/LaunchScreen.storyboard; sourceTree = "<group>"; };
		9657F22125BA3F7400AD199A /* Info.plist */ = {isa = PBXFileReference; lastKnownFileType = text.plist.xml; path = Info.plist; sourceTree = "<group>"; };
		9657F22825BA414800AD199A /* Beer.swift */ = {isa = PBXFileReference; lastKnownFileType = sourcecode.swift; path = Beer.swift; sourceTree = "<group>"; };
		9657F22E25BA4DCF00AD199A /* DetailViewController.swift */ = {isa = PBXFileReference; lastKnownFileType = sourcecode.swift; path = DetailViewController.swift; sourceTree = "<group>"; };
		9678302525CB5144002B8308 /* allTheBeer.csv */ = {isa = PBXFileReference; fileEncoding = 4; lastKnownFileType = text; path = allTheBeer.csv; sourceTree = "<group>"; };
		968A3C5B25CB6C9500016474 /* Rating.swift */ = {isa = PBXFileReference; lastKnownFileType = sourcecode.swift; path = Rating.swift; sourceTree = "<group>"; };
/* End PBXFileReference section */

/* Begin PBXFrameworksBuildPhase section */
		9657F20D25BA3F6900AD199A /* Frameworks */ = {
			isa = PBXFrameworksBuildPhase;
			buildActionMask = 2147483647;
			files = (
				258546A7EA3DD47D5AB43852 /* libPods-ALL the Beers.a in Frameworks */,
			);
			runOnlyForDeploymentPostprocessing = 0;
		};
/* End PBXFrameworksBuildPhase section */

/* Begin PBXGroup section */
		3220A159B2A2A0EA9EEB05A5 /* Frameworks */ = {
			isa = PBXGroup;
			children = (
				910CBF8FBDF3A64D82255118 /* libPods-ALL the Beers.a */,
			);
			name = Frameworks;
			sourceTree = "<group>";
		};
		3FDBCBE90614CEC845541D7A /* Pods */ = {
			isa = PBXGroup;
			children = (
				8211B88C05AAF210D2F16216 /* Pods-ALL the Beers.debug.xcconfig */,
				091899BF1E318D2E75E536D2 /* Pods-ALL the Beers.release.xcconfig */,
			);
			path = Pods;
			sourceTree = "<group>";
		};
		9645908425CEF8690024BDAB /* BadgeImages */ = {
			isa = PBXGroup;
			children = (
				964590C125CFB9AD0024BDAB /* checkmark.jpg */,
				9645908F25CF0D000024BDAB /* 72beers.jpg */,
				9645908C25CF0B860024BDAB /* 50beers.jpg */,
				9645908925CF0A3C0024BDAB /* 25beers.png */,
				9645908525CEF9610024BDAB /* 10beers.png */,
				964590B825CF68970024BDAB /* belgian.jpg */,
				964590BE25CF6CB00024BDAB /* fivereviews.jpg */,
				964590A125CF5C220024BDAB /* flight1.jpeg */,
				964590A825CF5D4F0024BDAB /* flight2.jpeg */,
				964590AB25CF5E300024BDAB /* flight3.jpg */,
				964590AE25CF60110024BDAB /* flight4.jpeg */,
				9645909825CF52F90024BDAB /* hazy.jpg */,
				964590A525CF5D100024BDAB /* IPA.jpg */,
				964590B525CF66A00024BDAB /* light.jpg */,
				9645909525CF148E0024BDAB /* nasty.jpeg */,
				9645909225CF0E280024BDAB /* perfect5.jpeg */,
				9645909E25CF58AF0024BDAB /* strong.jpg */,
				964590BB25CF6B450024BDAB /* twopointfive.jpg */,
			);
			path = BadgeImages;
			sourceTree = "<group>";
		};
		9657F20725BA3F6900AD199A = {
			isa = PBXGroup;
			children = (
				9657F21225BA3F6900AD199A /* ALL the Beers */,
				9657F21125BA3F6900AD199A /* Products */,
				3FDBCBE90614CEC845541D7A /* Pods */,
				3220A159B2A2A0EA9EEB05A5 /* Frameworks */,
			);
			sourceTree = "<group>";
		};
		9657F21125BA3F6900AD199A /* Products */ = {
			isa = PBXGroup;
			children = (
				9657F21025BA3F6900AD199A /* ALL the Beers.app */,
			);
			name = Products;
			sourceTree = "<group>";
		};
		9657F21225BA3F6900AD199A /* ALL the Beers */ = {
			isa = PBXGroup;
			children = (
				9657F21325BA3F6900AD199A /* AppDelegate.swift */,
				9657F22825BA414800AD199A /* Beer.swift */,
				968A3C5B25CB6C9500016474 /* Rating.swift */,
				9657F21525BA3F6900AD199A /* SceneDelegate.swift */,
				9657F21725BA3F6900AD199A /* ViewController.swift */,
				9657F22E25BA4DCF00AD199A /* DetailViewController.swift */,
				9645908125CEF2B30024BDAB /* BadgeViewController.swift */,
				9657F21925BA3F6900AD199A /* Main.storyboard */,
				9657F21C25BA3F7400AD199A /* Assets.xcassets */,
				9657F21E25BA3F7400AD199A /* LaunchScreen.storyboard */,
				9678302525CB5144002B8308 /* allTheBeer.csv */,
				9657F22125BA3F7400AD199A /* Info.plist */,
				9645908425CEF8690024BDAB /* BadgeImages */,
			);
			path = "ALL the Beers";
			sourceTree = "<group>";
		};
/* End PBXGroup section */

/* Begin PBXNativeTarget section */
		9657F20F25BA3F6900AD199A /* ALL the Beers */ = {
			isa = PBXNativeTarget;
			buildConfigurationList = 9657F22425BA3F7400AD199A /* Build configuration list for PBXNativeTarget "ALL the Beers" */;
			buildPhases = (
				F072019A9083F7EC00CD55B7 /* [CP] Check Pods Manifest.lock */,
				9657F20C25BA3F6900AD199A /* Sources */,
				9657F20D25BA3F6900AD199A /* Frameworks */,
				9657F20E25BA3F6900AD199A /* Resources */,
				3EA107908EBB267A5863A6B5 /* [CP] Copy Pods Resources */,
			);
			buildRules = (
			);
			dependencies = (
			);
			name = "ALL the Beers";
			productName = Challenge5;
			productReference = 9657F21025BA3F6900AD199A /* ALL the Beers.app */;
			productType = "com.apple.product-type.application";
		};
/* End PBXNativeTarget section */

/* Begin PBXProject section */
		9657F20825BA3F6900AD199A /* Project object */ = {
			isa = PBXProject;
			attributes = {
				LastSwiftUpdateCheck = 1230;
				LastUpgradeCheck = 1230;
				TargetAttributes = {
					9657F20F25BA3F6900AD199A = {
						CreatedOnToolsVersion = 12.3;
					};
				};
			};
			buildConfigurationList = 9657F20B25BA3F6900AD199A /* Build configuration list for PBXProject "ALL the Beers" */;
			compatibilityVersion = "Xcode 9.3";
			developmentRegion = en;
			hasScannedForEncodings = 0;
			knownRegions = (
				en,
				Base,
			);
			mainGroup = 9657F20725BA3F6900AD199A;
			productRefGroup = 9657F21125BA3F6900AD199A /* Products */;
			projectDirPath = "";
			projectRoot = "";
			targets = (
				9657F20F25BA3F6900AD199A /* ALL the Beers */,
			);
		};
/* End PBXProject section */

/* Begin PBXResourcesBuildPhase section */
		9657F20E25BA3F6900AD199A /* Resources */ = {
			isa = PBXResourcesBuildPhase;
			buildActionMask = 2147483647;
			files = (
				964590A625CF5D100024BDAB /* IPA.jpg in Resources */,
				964590BC25CF6B450024BDAB /* twopointfive.jpg in Resources */,
				9645909325CF0E280024BDAB /* perfect5.jpeg in Resources */,
				964590B625CF66A00024BDAB /* light.jpg in Resources */,
				964590A925CF5D4F0024BDAB /* flight2.jpeg in Resources */,
				964590B925CF68970024BDAB /* belgian.jpg in Resources */,
				9645908A25CF0A3C0024BDAB /* 25beers.png in Resources */,
				964590A225CF5C220024BDAB /* flight1.jpeg in Resources */,
				9678302625CB5144002B8308 /* allTheBeer.csv in Resources */,
				9657F22025BA3F7400AD199A /* LaunchScreen.storyboard in Resources */,
				9645908D25CF0B860024BDAB /* 50beers.jpg in Resources */,
				9645909F25CF58AF0024BDAB /* strong.jpg in Resources */,
				964590BF25CF6CB00024BDAB /* fivereviews.jpg in Resources */,
				964590AF25CF60110024BDAB /* flight4.jpeg in Resources */,
				9645909925CF52F90024BDAB /* hazy.jpg in Resources */,
				9645909625CF148E0024BDAB /* nasty.jpeg in Resources */,
				964590AC25CF5E300024BDAB /* flight3.jpg in Resources */,
				9645909025CF0D000024BDAB /* 72beers.jpg in Resources */,
				9645908625CEF9610024BDAB /* 10beers.png in Resources */,
				964590C225CFB9AD0024BDAB /* checkmark.jpg in Resources */,
				9657F21D25BA3F7400AD199A /* Assets.xcassets in Resources */,
				9657F21B25BA3F6900AD199A /* Main.storyboard in Resources */,
			);
			runOnlyForDeploymentPostprocessing = 0;
		};
/* End PBXResourcesBuildPhase section */

/* Begin PBXShellScriptBuildPhase section */
		3EA107908EBB267A5863A6B5 /* [CP] Copy Pods Resources */ = {
			isa = PBXShellScriptBuildPhase;
			buildActionMask = 2147483647;
			files = (
			);
			inputFileListPaths = (
				"${PODS_ROOT}/Target Support Files/Pods-ALL the Beers/Pods-ALL the Beers-resources-${CONFIGURATION}-input-files.xcfilelist",
			);
			name = "[CP] Copy Pods Resources";
			outputFileListPaths = (
				"${PODS_ROOT}/Target Support Files/Pods-ALL the Beers/Pods-ALL the Beers-resources-${CONFIGURATION}-output-files.xcfilelist",
			);
			runOnlyForDeploymentPostprocessing = 0;
			shellPath = /bin/sh;
			shellScript = "\"${PODS_ROOT}/Target Support Files/Pods-ALL the Beers/Pods-ALL the Beers-resources.sh\"\n";
			showEnvVarsInLog = 0;
		};
		F072019A9083F7EC00CD55B7 /* [CP] Check Pods Manifest.lock */ = {
			isa = PBXShellScriptBuildPhase;
			buildActionMask = 2147483647;
			files = (
			);
			inputFileListPaths = (
			);
			inputPaths = (
				"${PODS_PODFILE_DIR_PATH}/Podfile.lock",
				"${PODS_ROOT}/Manifest.lock",
			);
			name = "[CP] Check Pods Manifest.lock";
			outputFileListPaths = (
			);
			outputPaths = (
				"$(DERIVED_FILE_DIR)/Pods-ALL the Beers-checkManifestLockResult.txt",
			);
			runOnlyForDeploymentPostprocessing = 0;
			shellPath = /bin/sh;
			shellScript = "diff \"${PODS_PODFILE_DIR_PATH}/Podfile.lock\" \"${PODS_ROOT}/Manifest.lock\" > /dev/null\nif [ $? != 0 ] ; then\n    # print error to STDERR\n    echo \"error: The sandbox is not in sync with the Podfile.lock. Run 'pod install' or update your CocoaPods installation.\" >&2\n    exit 1\nfi\n# This output is used by Xcode 'outputs' to avoid re-running this script phase.\necho \"SUCCESS\" > \"${SCRIPT_OUTPUT_FILE_0}\"\n";
			showEnvVarsInLog = 0;
		};
/* End PBXShellScriptBuildPhase section */

/* Begin PBXSourcesBuildPhase section */
		9657F20C25BA3F6900AD199A /* Sources */ = {
			isa = PBXSourcesBuildPhase;
			buildActionMask = 2147483647;
			files = (
				9657F21825BA3F6900AD199A /* ViewController.swift in Sources */,
				9657F21425BA3F6900AD199A /* AppDelegate.swift in Sources */,
				9657F22F25BA4DCF00AD199A /* DetailViewController.swift in Sources */,
				9645908225CEF2B30024BDAB /* BadgeViewController.swift in Sources */,
				9657F22925BA414800AD199A /* Beer.swift in Sources */,
				968A3C5C25CB6C9500016474 /* Rating.swift in Sources */,
				9657F21625BA3F6900AD199A /* SceneDelegate.swift in Sources */,
			);
			runOnlyForDeploymentPostprocessing = 0;
		};
/* End PBXSourcesBuildPhase section */

/* Begin PBXVariantGroup section */
		9657F21925BA3F6900AD199A /* Main.storyboard */ = {
			isa = PBXVariantGroup;
			children = (
				9657F21A25BA3F6900AD199A /* Base */,
			);
			name = Main.storyboard;
			sourceTree = "<group>";
		};
		9657F21E25BA3F7400AD199A /* LaunchScreen.storyboard */ = {
			isa = PBXVariantGroup;
			children = (
				9657F21F25BA3F7400AD199A /* Base */,
			);
			name = LaunchScreen.storyboard;
			sourceTree = "<group>";
		};
/* End PBXVariantGroup section */

/* Begin XCBuildConfiguration section */
		9657F22225BA3F7400AD199A /* Debug */ = {
			isa = XCBuildConfiguration;
			buildSettings = {
				ALWAYS_SEARCH_USER_PATHS = NO;
				CLANG_ANALYZER_NONNULL = YES;
				CLANG_ANALYZER_NUMBER_OBJECT_CONVERSION = YES_AGGRESSIVE;
				CLANG_CXX_LANGUAGE_STANDARD = "gnu++14";
				CLANG_CXX_LIBRARY = "libc++";
				CLANG_ENABLE_MODULES = YES;
				CLANG_ENABLE_OBJC_ARC = YES;
				CLANG_ENABLE_OBJC_WEAK = YES;
				CLANG_WARN_BLOCK_CAPTURE_AUTORELEASING = YES;
				CLANG_WARN_BOOL_CONVERSION = YES;
				CLANG_WARN_COMMA = YES;
				CLANG_WARN_CONSTANT_CONVERSION = YES;
				CLANG_WARN_DEPRECATED_OBJC_IMPLEMENTATIONS = YES;
				CLANG_WARN_DIRECT_OBJC_ISA_USAGE = YES_ERROR;
				CLANG_WARN_DOCUMENTATION_COMMENTS = YES;
				CLANG_WARN_EMPTY_BODY = YES;
				CLANG_WARN_ENUM_CONVERSION = YES;
				CLANG_WARN_INFINITE_RECURSION = YES;
				CLANG_WARN_INT_CONVERSION = YES;
				CLANG_WARN_NON_LITERAL_NULL_CONVERSION = YES;
				CLANG_WARN_OBJC_IMPLICIT_RETAIN_SELF = YES;
				CLANG_WARN_OBJC_LITERAL_CONVERSION = YES;
				CLANG_WARN_OBJC_ROOT_CLASS = YES_ERROR;
				CLANG_WARN_QUOTED_INCLUDE_IN_FRAMEWORK_HEADER = YES;
				CLANG_WARN_RANGE_LOOP_ANALYSIS = YES;
				CLANG_WARN_STRICT_PROTOTYPES = YES;
				CLANG_WARN_SUSPICIOUS_MOVE = YES;
				CLANG_WARN_UNGUARDED_AVAILABILITY = YES_AGGRESSIVE;
				CLANG_WARN_UNREACHABLE_CODE = YES;
				CLANG_WARN__DUPLICATE_METHOD_MATCH = YES;
				COPY_PHASE_STRIP = NO;
				DEBUG_INFORMATION_FORMAT = dwarf;
				ENABLE_STRICT_OBJC_MSGSEND = YES;
				ENABLE_TESTABILITY = YES;
				GCC_C_LANGUAGE_STANDARD = gnu11;
				GCC_DYNAMIC_NO_PIC = NO;
				GCC_NO_COMMON_BLOCKS = YES;
				GCC_OPTIMIZATION_LEVEL = 0;
				GCC_PREPROCESSOR_DEFINITIONS = (
					"DEBUG=1",
					"$(inherited)",
				);
				GCC_WARN_64_TO_32_BIT_CONVERSION = YES;
				GCC_WARN_ABOUT_RETURN_TYPE = YES_ERROR;
				GCC_WARN_UNDECLARED_SELECTOR = YES;
				GCC_WARN_UNINITIALIZED_AUTOS = YES_AGGRESSIVE;
				GCC_WARN_UNUSED_FUNCTION = YES;
				GCC_WARN_UNUSED_VARIABLE = YES;
				IPHONEOS_DEPLOYMENT_TARGET = 13.0;
				MTL_ENABLE_DEBUG_INFO = INCLUDE_SOURCE;
				MTL_FAST_MATH = YES;
				ONLY_ACTIVE_ARCH = YES;
				SDKROOT = iphoneos;
				SWIFT_ACTIVE_COMPILATION_CONDITIONS = DEBUG;
				SWIFT_OPTIMIZATION_LEVEL = "-Onone";
			};
			name = Debug;
		};
		9657F22325BA3F7400AD199A /* Release */ = {
			isa = XCBuildConfiguration;
			buildSettings = {
				ALWAYS_SEARCH_USER_PATHS = NO;
				CLANG_ANALYZER_NONNULL = YES;
				CLANG_ANALYZER_NUMBER_OBJECT_CONVERSION = YES_AGGRESSIVE;
				CLANG_CXX_LANGUAGE_STANDARD = "gnu++14";
				CLANG_CXX_LIBRARY = "libc++";
				CLANG_ENABLE_MODULES = YES;
				CLANG_ENABLE_OBJC_ARC = YES;
				CLANG_ENABLE_OBJC_WEAK = YES;
				CLANG_WARN_BLOCK_CAPTURE_AUTORELEASING = YES;
				CLANG_WARN_BOOL_CONVERSION = YES;
				CLANG_WARN_COMMA = YES;
				CLANG_WARN_CONSTANT_CONVERSION = YES;
				CLANG_WARN_DEPRECATED_OBJC_IMPLEMENTATIONS = YES;
				CLANG_WARN_DIRECT_OBJC_ISA_USAGE = YES_ERROR;
				CLANG_WARN_DOCUMENTATION_COMMENTS = YES;
				CLANG_WARN_EMPTY_BODY = YES;
				CLANG_WARN_ENUM_CONVERSION = YES;
				CLANG_WARN_INFINITE_RECURSION = YES;
				CLANG_WARN_INT_CONVERSION = YES;
				CLANG_WARN_NON_LITERAL_NULL_CONVERSION = YES;
				CLANG_WARN_OBJC_IMPLICIT_RETAIN_SELF = YES;
				CLANG_WARN_OBJC_LITERAL_CONVERSION = YES;
				CLANG_WARN_OBJC_ROOT_CLASS = YES_ERROR;
				CLANG_WARN_QUOTED_INCLUDE_IN_FRAMEWORK_HEADER = YES;
				CLANG_WARN_RANGE_LOOP_ANALYSIS = YES;
				CLANG_WARN_STRICT_PROTOTYPES = YES;
				CLANG_WARN_SUSPICIOUS_MOVE = YES;
				CLANG_WARN_UNGUARDED_AVAILABILITY = YES_AGGRESSIVE;
				CLANG_WARN_UNREACHABLE_CODE = YES;
				CLANG_WARN__DUPLICATE_METHOD_MATCH = YES;
				COPY_PHASE_STRIP = NO;
				DEBUG_INFORMATION_FORMAT = "dwarf-with-dsym";
				ENABLE_NS_ASSERTIONS = NO;
				ENABLE_STRICT_OBJC_MSGSEND = YES;
				GCC_C_LANGUAGE_STANDARD = gnu11;
				GCC_NO_COMMON_BLOCKS = YES;
				GCC_WARN_64_TO_32_BIT_CONVERSION = YES;
				GCC_WARN_ABOUT_RETURN_TYPE = YES_ERROR;
				GCC_WARN_UNDECLARED_SELECTOR = YES;
				GCC_WARN_UNINITIALIZED_AUTOS = YES_AGGRESSIVE;
				GCC_WARN_UNUSED_FUNCTION = YES;
				GCC_WARN_UNUSED_VARIABLE = YES;
				IPHONEOS_DEPLOYMENT_TARGET = 13.0;
				MTL_ENABLE_DEBUG_INFO = NO;
				MTL_FAST_MATH = YES;
				SDKROOT = iphoneos;
				SWIFT_COMPILATION_MODE = wholemodule;
				SWIFT_OPTIMIZATION_LEVEL = "-O";
				VALIDATE_PRODUCT = YES;
			};
			name = Release;
		};
		9657F22525BA3F7400AD199A /* Debug */ = {
			isa = XCBuildConfiguration;
			baseConfigurationReference = 8211B88C05AAF210D2F16216 /* Pods-ALL the Beers.debug.xcconfig */;
			buildSettings = {
				ASSETCATALOG_COMPILER_APPICON_NAME = AppIcon;
				ASSETCATALOG_COMPILER_GLOBAL_ACCENT_COLOR_NAME = AccentColor;
				CODE_SIGN_STYLE = Automatic;
				CURRENT_PROJECT_VERSION = 2;
				DEVELOPMENT_TEAM = JAV5UUA254;
				INFOPLIST_FILE = "ALL the Beers/Info.plist";
				LD_RUNPATH_SEARCH_PATHS = (
					"$(inherited)",
					"@executable_path/Frameworks",
				);
				PRODUCT_BUNDLE_IDENTIFIER = com.bsoconsulting.allthebeers;
				PRODUCT_NAME = "$(TARGET_NAME)";
				SWIFT_VERSION = 5.0;
				TARGETED_DEVICE_FAMILY = 1;
			};
			name = Debug;
		};
		9657F22625BA3F7400AD199A /* Release */ = {
			isa = XCBuildConfiguration;
			baseConfigurationReference = 091899BF1E318D2E75E536D2 /* Pods-ALL the Beers.release.xcconfig */;
			buildSettings = {
				ASSETCATALOG_COMPILER_APPICON_NAME = AppIcon;
				ASSETCATALOG_COMPILER_GLOBAL_ACCENT_COLOR_NAME = AccentColor;
				CODE_SIGN_STYLE = Automatic;
				CURRENT_PROJECT_VERSION = 2;
				DEVELOPMENT_TEAM = JAV5UUA254;
				INFOPLIST_FILE = "ALL the Beers/Info.plist";
				LD_RUNPATH_SEARCH_PATHS = (
					"$(inherited)",
					"@executable_path/Frameworks",
				);
				PRODUCT_BUNDLE_IDENTIFIER = com.bsoconsulting.allthebeers;
				PRODUCT_NAME = "$(TARGET_NAME)";
				SWIFT_VERSION = 5.0;
				TARGETED_DEVICE_FAMILY = 1;
			};
			name = Release;
		};
/* End XCBuildConfiguration section */

/* Begin XCConfigurationList section */
		9657F20B25BA3F6900AD199A /* Build configuration list for PBXProject "ALL the Beers" */ = {
			isa = XCConfigurationList;
			buildConfigurations = (
				9657F22225BA3F7400AD199A /* Debug */,
				9657F22325BA3F7400AD199A /* Release */,
			);
			defaultConfigurationIsVisible = 0;
			defaultConfigurationName = Release;
		};
		9657F22425BA3F7400AD199A /* Build configuration list for PBXNativeTarget "ALL the Beers" */ = {
			isa = XCConfigurationList;
			buildConfigurations = (
				9657F22525BA3F7400AD199A /* Debug */,
				9657F22625BA3F7400AD199A /* Release */,
			);
			defaultConfigurationIsVisible = 0;
			defaultConfigurationName = Release;
		};
/* End XCConfigurationList section */
	};
	rootObject = 9657F20825BA3F6900AD199A /* Project object */;
}
